
Microsoft Visual Studio Solution File, Format Version 12.00
# Visual Studio Version 16
VisualStudioVersion = 16.0.31205.134
MinimumVisualStudioVersion = 10.0.40219.1
Project("{FAE04EC0-301F-11D3-BF4B-00C04F79EFBC}") = "DeliVeggie.Server.Listner", "DeliVeggie.Server.Listner\DeliVeggie.Server.Listner.csproj", "{0109A3DA-63FE-4C75-B513-B4FDF2A94323}"
EndProject
Project("{FAE04EC0-301F-11D3-BF4B-00C04F79EFBC}") = "DeliVeggie.Server.Service", "DeliVeggie.Server.Service\DeliVeggie.Server.Service.csproj", "{5D649829-C27F-4592-A53E-164CC641F7FC}"
EndProject
Project("{FAE04EC0-301F-11D3-BF4B-00C04F79EFBC}") = "DeliVeggie.Server.Repositories", "DeliVeggie.Server.Repositories\DeliVeggie.Server.Repositories.csproj", "{380E89C9-E8DD-4A83-A384-7E7661EFAB65}"
EndProject
Global
	GlobalSection(SolutionConfigurationPlatforms) = preSolution
		Debug|Any CPU = Debug|Any CPU
		Release|Any CPU = Release|Any CPU
	EndGlobalSection
	GlobalSection(ProjectConfigurationPlatforms) = postSolution
		{0109A3DA-63FE-4C75-B513-B4FDF2A94323}.Debug|Any CPU.ActiveCfg = Debug|Any CPU
		{0109A3DA-63FE-4C75-B513-B4FDF2A94323}.Debug|Any CPU.Build.0 = Debug|Any CPU
		{0109A3DA-63FE-4C75-B513-B4FDF2A94323}.Release|Any CPU.ActiveCfg = Release|Any CPU
		{0109A3DA-63FE-4C75-B513-B4FDF2A94323}.Release|Any CPU.Build.0 = Release|Any CPU
		{5D649829-C27F-4592-A53E-164CC641F7FC}.Debug|Any CPU.ActiveCfg = Debug|Any CPU
		{5D649829-C27F-4592-A53E-164CC641F7FC}.Debug|Any CPU.Build.0 = Debug|Any CPU
		{5D649829-C27F-4592-A53E-164CC641F7FC}.Release|Any CPU.ActiveCfg = Release|Any CPU
		{5D649829-C27F-4592-A53E-164CC641F7FC}.Release|Any CPU.Build.0 = Release|Any CPU
		{380E89C9-E8DD-4A83-A384-7E7661EFAB65}.Debug|Any CPU.ActiveCfg = Debug|Any CPU
		{380E89C9-E8DD-4A83-A384-7E7661EFAB65}.Debug|Any CPU.Build.0 = Debug|Any CPU
		{380E89C9-E8DD-4A83-A384-7E7661EFAB65}.Release|Any CPU.ActiveCfg = Release|Any CPU
		{380E89C9-E8DD-4A83-A384-7E7661EFAB65}.Release|Any CPU.Build.0 = Release|Any CPU
	EndGlobalSection
	GlobalSection(SolutionProperties) = preSolution
		HideSolutionNode = FALSE
	EndGlobalSection
	GlobalSection(ExtensibilityGlobals) = postSolution
		SolutionGuid = {A7289F23-D6C7-439F-BBD7-AE7645B1A219}
	EndGlobalSection
EndGlobal
